{
  "name": "frontend",
  "version": "1.0.0",
  "lockfileVersion": 3,
  "requires": true,
  "packages": {
    "": {
      "name": "frontend",
      "version": "1.0.0",
      "license": "ISC",
      "dependencies": {
        "baseline-browser-mapping": "^2.9.11",
        "caniuse-lite": "^1.0.30001761"
      }
    },
    "node_modules/baseline-browser-mapping": {
      "version": "2.9.11",
      "resolved": "https://registry.npmjs.org/baseline-browser-mapping/-/baseline-browser-mapping-2.9.11.tgz",
      "integrity": "sha512-Sg0xJUNDU1sJNGdfGWhVHX0kkZ+HWcvmVymJbj6NSgZZmW/8S9Y2HQ5euytnIgakgxN6papOAWiwDo1ctFDcoQ==",
      "license": "Apache-2.0",
      "bin": {
        "baseline-browser-mapping": "dist/cli.js"
      }
    },
    "node_modules/caniuse-lite": {
      "version": "1.0.30001761",
      "resolved": "https://registry.npmjs.org/caniuse-lite/-/caniuse-lite-1.0.30001761.tgz",
      "integrity": "sha512-JF9ptu1vP2coz98+5051jZ4PwQgd2ni8A+gYSN7EA7dPKIMf0pDlSUxhdmVOaV3/fYK5uWBkgSXJaRLr4+3A6g==",
      "funding": [
        {
          "type": "opencollective",
          "url": "https://opencollective.com/browserslist"
        },
        {
          "type": "tidelift",
          "url": "https://tidelift.com/funding/github/npm/caniuse-lite"
        },
        {
          "type": "github",
          "url": "https://github.com/sponsors/ai"
        }
      ],
      "license": "CC-BY-4.0"
    }
  }
}
